{
  "version": 4,
  "terraform_version": "1.5.0",
  "serial": 46,
  "lineage": "fccaae9f-d45f-260c-41e5-7836edb29521",
  "outputs": {
    "snowflake_svc_private_key": {
      "value": "-----BEGIN RSA PRIVATE KEY-----\nMIIEowIBAAKCAQEAzwVWrGKCPwuMQv/XrpKuq+PH7WOT2iJdZ0XqP/A0LI/V4J1N\ngaGQXyPGOQ1thlhlvt2I7JjgMGMI5KFAS2B4/OB43egujhO0oRYR4K1Oz+mRfyF6\nsRo/FaFyu0Zo7nJgh94Uy//y+Jc9Y3l3RGAqcEXv0zQTN2Pco5w/NJN4hGv0VXyQ\nZngDjr4p34Zrbhf7fyJhGA/quHJgHc19+Gzx+qHlZbtnbfYtl4cVC3dCaixk29zp\nYzNus0BgJFm33EAfT/CFS36OyIe0aG9TD9URq3Imk39BZVciRpaSrvcp3rhtejyU\nNC+nZ1LZw4aZgZ2ER3JUQoaAGG3Us8EmMOPFcQIDAQABAoIBAQCjcQaN0LQdzCMv\nnkeM5veKc6obTFulgy4U48jeM+ktKV3lGKvhZUnTIy5TSrumrlGdz89TZBrTeMzD\nnF9jY0YB98LVB4MB3qLj7sWsiYdIdJHPOgJgomUd0boACsW7Q4fcnMP0jx0nkFgC\nGhrEW9wFieGe8GUffPLsJOZtvuQOPrNBmhBSJEKM1Cao3j+bZ68S6FOkSY/8+lRO\nGlB23fygOepqI9ZU3inmKDfrwJMXNI5AJ+ZE3T79Kzx2bIK7l1RkLMQ2YhHU8aww\n/iTmPYgI3EVOyHO7oBW2zlCLOpYm9XWrNBFzTOi+9RFYiQp8iqgi2S4Bv3iMMPnR\nNwHHb3vVAoGBAM802f/eIJGg0ruchbuuTV0xiPUC2HlbTytiwjunEayTuNPhHShm\nE56HVv0yzeyYbguJsjrBWjsuGQ+dv470P3qVUsdRA9rbvjehirN3FKPYZ0hqerCs\nYX+QVuQHGJHeYl8FM8Tk/jded6WMs5Z6dsZsb1x6FWRd2EC25naug44PAoGBAP/F\nTGuSdPCeyYvanHaQrYdCN7JyQefolR7y2eheCk3d0j3OB/tLA2IXgUUfgWNbfCGd\nsqiDV9vR2h36A0nGAaSblA64NATFSC7aG7yS1kbarN7EvlrINZQIVhQvaqblbWvk\nPuFVAoXrRRLjZho9YK0TRoedEpw/X6IO3qicJvR/AoGAKk86bFqo/9N89D4juI0A\n0xS4SH9KQI16fvtteczFeR240drXn1Yoj2hHRPBIyBTf848sS38Ls6XYDC5D3SbW\nh2tSOcy7IsdX8fgUYEzidApOHKVRZB3u0qNgerNQOwjTwV9IkN3JYvjxKWavjPx4\noE+n9ZQgJhxbeete58D+r9UCgYBuejZsMLK6TJwaAK+ctxl9Vyjft2KoXVosKBHf\nwN8Ki0oI0Dm6Xch0UlrQFK+6zwVrL8a/6xvEI3znfdp1v0VuaJUnVoGBngVz11or\ntfFAYaxR/QGMDPa3nnIv/ds/g9IjzE8s3Z9dYSZQ5lBv/RsJJ05LvZkQTH9ubKXY\nhrp82QKBgFnyjwm2sRbCjQX8AH3ki9/HdfDbUcWHg1+EKmfGP9hzxfQFLZwTAP6/\n63dbiyQT9xUzH5LnDcd+BH6dvyrhG3kzfzmtXDXe+3hdbInBCtkbNODF5wabNL7y\nU4E+FDWMZsZ45L43jisloElFBWbOJmQAoRxQVcarRNplJi4BxmLg\n-----END RSA PRIVATE KEY-----\n",
      "type": "string",
      "sensitive": true
    },
    "snowflake_svc_public_key": {
      "value": "-----BEGIN PUBLIC KEY-----\nMIIBIjANBgkqhkiG9w0BAQEFAAOCAQ8AMIIBCgKCAQEAzwVWrGKCPwuMQv/XrpKu\nq+PH7WOT2iJdZ0XqP/A0LI/V4J1NgaGQXyPGOQ1thlhlvt2I7JjgMGMI5KFAS2B4\n/OB43egujhO0oRYR4K1Oz+mRfyF6sRo/FaFyu0Zo7nJgh94Uy//y+Jc9Y3l3RGAq\ncEXv0zQTN2Pco5w/NJN4hGv0VXyQZngDjr4p34Zrbhf7fyJhGA/quHJgHc19+Gzx\n+qHlZbtnbfYtl4cVC3dCaixk29zpYzNus0BgJFm33EAfT/CFS36OyIe0aG9TD9UR\nq3Imk39BZVciRpaSrvcp3rhtejyUNC+nZ1LZw4aZgZ2ER3JUQoaAGG3Us8EmMOPF\ncQIDAQAB\n-----END PUBLIC KEY-----\n",
      "type": "string"
    }
  },
  "resources": [
    {
      "mode": "managed",
      "type": "snowflake_account",
      "name": "ac1",
      "provider": "provider[\"registry.terraform.io/snowflake-labs/snowflake\"].orgadmin",
      "instances": [
        {
          "schema_version": 0,
          "attributes": {
            "admin_name": "jas4091",
            "admin_password": "Abcd1234!",
            "admin_rsa_public_key": null,
            "comment": "Snowflake Test Account",
            "edition": "STANDARD",
            "email": "jascap.sandbox@gmail.com",
            "first_name": "John",
            "id": "MSB94826",
            "is_org_admin": null,
            "last_name": "Doe",
            "must_change_password": true,
            "name": "SNOWFLAKE_TEST_ACCOUNT",
            "region": "AWS_US_WEST_2",
            "region_group": null
          },
          "sensitive_attributes": [],
          "private": "bnVsbA=="
        }
      ]
    },
    {
      "mode": "managed",
      "type": "snowflake_database",
      "name": "db",
      "provider": "provider[\"registry.terraform.io/snowflake-labs/snowflake\"]",
      "instances": [
        {
          "schema_version": 0,
          "attributes": {
            "comment": "The terraform automated demo database",
            "data_retention_time_in_days": 6,
            "from_database": null,
            "from_replica": null,
            "from_share": null,
            "id": "TF_DEMO",
            "is_transient": false,
            "name": "TF_DEMO",
            "replication_configuration": []
          },
          "sensitive_attributes": [],
          "private": "bnVsbA=="
        }
      ]
    },
    {
      "mode": "managed",
      "type": "snowflake_grant_privileges_to_role",
      "name": "database_grant",
      "provider": "provider[\"registry.terraform.io/snowflake-labs/snowflake\"].security_admin",
      "instances": [
        {
          "schema_version": 0,
          "attributes": {
            "all_privileges": false,
            "id": "TF_DEMO_SVC_ROLE|USAGE|false|false|false|true|false|false|false|false|DATABASE|TF_DEMO||false||false|",
            "on_account": false,
            "on_account_object": [
              {
                "object_name": "TF_DEMO",
                "object_type": "DATABASE"
              }
            ],
            "on_schema": [],
            "on_schema_object": [],
            "privileges": [
              "USAGE"
            ],
            "role_name": "TF_DEMO_SVC_ROLE",
            "with_grant_option": false
          },
          "sensitive_attributes": [],
          "private": "bnVsbA==",
          "dependencies": [
            "snowflake_database.db",
            "snowflake_role.role"
          ]
        }
      ]
    },
    {
      "mode": "managed",
      "type": "snowflake_grant_privileges_to_role",
      "name": "schema_grant",
      "provider": "provider[\"registry.terraform.io/snowflake-labs/snowflake\"].security_admin",
      "instances": [
        {
          "schema_version": 0,
          "attributes": {
            "all_privileges": false,
            "id": "TF_DEMO_SVC_ROLE|USAGE|false|false|false|false|true|false|false|false||||false|\"TF_DEMO\".\"TF_DEMO\"|false|",
            "on_account": false,
            "on_account_object": [],
            "on_schema": [
              {
                "all_schemas_in_database": "",
                "future_schemas_in_database": "",
                "schema_name": "\"TF_DEMO\".\"TF_DEMO\""
              }
            ],
            "on_schema_object": [],
            "privileges": [
              "USAGE"
            ],
            "role_name": "TF_DEMO_SVC_ROLE",
            "with_grant_option": false
          },
          "sensitive_attributes": [],
          "private": "bnVsbA==",
          "dependencies": [
            "snowflake_database.db",
            "snowflake_role.role",
            "snowflake_schema.schema"
          ]
        }
      ]
    },
    {
      "mode": "managed",
      "type": "snowflake_grant_privileges_to_role",
      "name": "user_grant",
      "provider": "provider[\"registry.terraform.io/snowflake-labs/snowflake\"].security_admin",
      "instances": [
        {
          "schema_version": 0,
          "attributes": {
            "all_privileges": false,
            "id": "TF_DEMO_SVC_ROLE|MONITOR|false|false|false|true|false|false|false|false|USER|tf_demo_user||false||false|",
            "on_account": false,
            "on_account_object": [
              {
                "object_name": "tf_demo_user",
                "object_type": "USER"
              }
            ],
            "on_schema": [],
            "on_schema_object": [],
            "privileges": [
              "MONITOR"
            ],
            "role_name": "TF_DEMO_SVC_ROLE",
            "with_grant_option": false
          },
          "sensitive_attributes": [
            [
              {
                "type": "get_attr",
                "value": "on_account_object"
              },
              {
                "type": "index",
                "value": {
                  "value": 0,
                  "type": "number"
                }
              },
              {
                "type": "get_attr",
                "value": "object_name"
              }
            ]
          ],
          "private": "bnVsbA==",
          "dependencies": [
            "snowflake_role.role",
            "snowflake_user.user",
            "snowflake_warehouse.warehouse",
            "tls_private_key.svc_key"
          ]
        }
      ]
    },
    {
      "mode": "managed",
      "type": "snowflake_grant_privileges_to_role",
      "name": "warehouse_grant",
      "provider": "provider[\"registry.terraform.io/snowflake-labs/snowflake\"].security_admin",
      "instances": [
        {
          "schema_version": 0,
          "attributes": {
            "all_privileges": false,
            "id": "TF_DEMO_SVC_ROLE|USAGE|false|false|false|true|false|false|false|false|WAREHOUSE|TF_DEMO||false||false|",
            "on_account": false,
            "on_account_object": [
              {
                "object_name": "TF_DEMO",
                "object_type": "WAREHOUSE"
              }
            ],
            "on_schema": [],
            "on_schema_object": [],
            "privileges": [
              "USAGE"
            ],
            "role_name": "TF_DEMO_SVC_ROLE",
            "with_grant_option": false
          },
          "sensitive_attributes": [],
          "private": "bnVsbA==",
          "dependencies": [
            "snowflake_role.role",
            "snowflake_warehouse.warehouse"
          ]
        }
      ]
    },
    {
      "mode": "managed",
      "type": "snowflake_role",
      "name": "role",
      "provider": "provider[\"registry.terraform.io/snowflake-labs/snowflake\"].security_admin",
      "instances": [
        {
          "schema_version": 0,
          "attributes": {
            "comment": "",
            "id": "TF_DEMO_SVC_ROLE",
            "name": "TF_DEMO_SVC_ROLE",
            "tag": []
          },
          "sensitive_attributes": [],
          "private": "bnVsbA=="
        }
      ]
    },
    {
      "mode": "managed",
      "type": "snowflake_role_grants",
      "name": "grants",
      "provider": "provider[\"registry.terraform.io/snowflake-labs/snowflake\"].security_admin",
      "instances": [
        {
          "schema_version": 0,
          "attributes": {
            "enable_multiple_grants": false,
            "id": "TF_DEMO_SVC_ROLE||tf_demo_user",
            "role_name": "TF_DEMO_SVC_ROLE",
            "roles": null,
            "users": [
              "tf_demo_user"
            ]
          },
          "sensitive_attributes": [
            [
              {
                "type": "get_attr",
                "value": "users"
              }
            ]
          ],
          "private": "bnVsbA==",
          "dependencies": [
            "snowflake_role.role",
            "snowflake_user.user",
            "snowflake_warehouse.warehouse",
            "tls_private_key.svc_key"
          ]
        }
      ]
    },
    {
      "mode": "managed",
      "type": "snowflake_schema",
      "name": "schema",
      "provider": "provider[\"registry.terraform.io/snowflake-labs/snowflake\"]",
      "instances": [
        {
          "schema_version": 0,
          "attributes": {
            "comment": "",
            "data_retention_days": 1,
            "database": "TF_DEMO",
            "id": "TF_DEMO|TF_DEMO",
            "is_managed": false,
            "is_transient": false,
            "name": "TF_DEMO",
            "tag": []
          },
          "sensitive_attributes": [],
          "private": "bnVsbA==",
          "dependencies": [
            "snowflake_database.db"
          ]
        }
      ]
    },
    {
      "mode": "managed",
      "type": "snowflake_user",
      "name": "user",
      "provider": "provider[\"registry.terraform.io/snowflake-labs/snowflake\"].security_admin",
      "instances": [
        {
          "schema_version": 0,
          "attributes": {
            "comment": "",
            "default_namespace": "",
            "default_role": "TF_DEMO_SVC_ROLE",
            "default_secondary_roles": null,
            "default_warehouse": "TF_DEMO",
            "disabled": false,
            "display_name": "tf_demo_user",
            "email": "",
            "first_name": "",
            "has_rsa_public_key": true,
            "id": "tf_demo_user",
            "last_name": "",
            "login_name": "TF_DEMO_USER",
            "must_change_password": null,
            "name": "tf_demo_user",
            "password": null,
            "rsa_public_key": "MIIBIjANBgkqhkiG9w0BAQEFAAOCAQ8AMIIBCgKCAQEAzwVWrGKCPwuMQv/XrpKu\nq+PH7WOT2iJdZ0XqP/A0LI/V4J1NgaGQXyPGOQ1thlhlvt2I7JjgMGMI5KFAS2B4\n/OB43egujhO0oRYR4K1Oz+mRfyF6sRo/FaFyu0Zo7nJgh94Uy//y+Jc9Y3l3RGAq\ncEXv0zQTN2Pco5w/NJN4hGv0VXyQZngDjr4p34Zrbhf7fyJhGA/quHJgHc19+Gzx\n+qHlZbtnbfYtl4cVC3dCaixk29zpYzNus0BgJFm33EAfT/CFS36OyIe0aG9TD9UR\nq3Imk39BZVciRpaSrvcp3rhtejyUNC+nZ1LZw4aZgZ2ER3JUQoaAGG3Us8EmMOPF\ncQIDAQAB",
            "rsa_public_key_2": null,
            "tag": []
          },
          "sensitive_attributes": [],
          "private": "bnVsbA==",
          "dependencies": [
            "snowflake_role.role",
            "snowflake_warehouse.warehouse",
            "tls_private_key.svc_key"
          ]
        }
      ]
    },
    {
      "mode": "managed",
      "type": "snowflake_warehouse",
      "name": "warehouse",
      "provider": "provider[\"registry.terraform.io/snowflake-labs/snowflake\"]",
      "instances": [
        {
          "schema_version": 0,
          "attributes": {
            "auto_resume": true,
            "auto_suspend": 60,
            "comment": "",
            "enable_query_acceleration": false,
            "id": "TF_DEMO",
            "initially_suspended": null,
            "max_cluster_count": 1,
            "max_concurrency_level": 8,
            "min_cluster_count": 1,
            "name": "TF_DEMO",
            "query_acceleration_max_scale_factor": 8,
            "resource_monitor": "null",
            "scaling_policy": "STANDARD",
            "statement_queued_timeout_in_seconds": 0,
            "statement_timeout_in_seconds": 172800,
            "wait_for_provisioning": null,
            "warehouse_size": "SMALL",
            "warehouse_type": "STANDARD"
          },
          "sensitive_attributes": [],
          "private": "bnVsbA=="
        }
      ]
    },
    {
      "mode": "managed",
      "type": "tls_private_key",
      "name": "svc_key",
      "provider": "provider[\"registry.terraform.io/hashicorp/tls\"]",
      "instances": [
        {
          "schema_version": 1,
          "attributes": {
            "algorithm": "RSA",
            "ecdsa_curve": "P224",
            "id": "21a2955dfa0b14fe1f06df5e7c1499759b25f7f6",
            "private_key_openssh": "-----BEGIN OPENSSH PRIVATE KEY-----\nb3BlbnNzaC1rZXktdjEAAAAABG5vbmUAAAAEbm9uZQAAAAAAAAABAAABFwAAAAdz\nc2gtcnNhAAAAAwEAAQAAAQEAzwVWrGKCPwuMQv/XrpKuq+PH7WOT2iJdZ0XqP/A0\nLI/V4J1NgaGQXyPGOQ1thlhlvt2I7JjgMGMI5KFAS2B4/OB43egujhO0oRYR4K1O\nz+mRfyF6sRo/FaFyu0Zo7nJgh94Uy//y+Jc9Y3l3RGAqcEXv0zQTN2Pco5w/NJN4\nhGv0VXyQZngDjr4p34Zrbhf7fyJhGA/quHJgHc19+Gzx+qHlZbtnbfYtl4cVC3dC\naixk29zpYzNus0BgJFm33EAfT/CFS36OyIe0aG9TD9URq3Imk39BZVciRpaSrvcp\n3rhtejyUNC+nZ1LZw4aZgZ2ER3JUQoaAGG3Us8EmMOPFcQAAA7gx+hWOMfoVjgAA\nAAdzc2gtcnNhAAABAQDPBVasYoI/C4xC/9eukq6r48ftY5PaIl1nReo/8DQsj9Xg\nnU2BoZBfI8Y5DW2GWGW+3YjsmOAwYwjkoUBLYHj84Hjd6C6OE7ShFhHgrU7P6ZF/\nIXqxGj8VoXK7RmjucmCH3hTL//L4lz1jeXdEYCpwRe/TNBM3Y9yjnD80k3iEa/RV\nfJBmeAOOvinfhmtuF/t/ImEYD+q4cmAdzX34bPH6oeVlu2dt9i2XhxULd0JqLGTb\n3OljM26zQGAkWbfcQB9P8IVLfo7Ih7Rob1MP1RGrciaTf0FlVyJGlpKu9yneuG16\nPJQ0L6dnUtnDhpmBnYRHclRChoAYbdSzwSYw48VxAAAAAwEAAQAAAQEAo3EGjdC0\nHcwjL55HjOb3inOqG0xbpYMuFOPI3jPpLSld5Rir4WVJ0yMuU0q7pq5Rnc/PU2Qa\n03jMw5xfY2NGAffC1QeDAd6i4+7FrImHSHSRzzoCYKJlHdG6AArFu0OH3JzD9I8d\nJ5BYAhoaxFvcBYnhnvBlH3zy7CTmbb7kDj6zQZoQUiRCjNQmqN4/m2evEuhTpEmP\n/PpUThpQdt38oDnqaiPWVN4p5ig368CTFzSOQCfmRN0+/Ss8dmyCu5dUZCzENmIR\n1PGsMP4k5j2ICNxFTshzu6AVts5QizqWJvV1qzQRc0zovvURWIkKfIqoItkuAb94\njDD50TcBx2971QAAAIBZ8o8JtrEWwo0F/AB95Ivfx3Xw21HFh4NfhCpnxj/Yc8X0\nBS2cEwD+v+t3W4skE/cVMx+S5w3HfgR+nb8q4Rt5M385rVw13vt4XWyJwQrZGzTg\nxecGmzS+8lOBPhQ1jGbGeOS+N44rJaBJRQVmziZkAKEcUFXGq0TaZSYuAcZi4AAA\nAIEAzzTZ/94gkaDSu5yFu65NXTGI9QLYeVtPK2LCO6cRrJO40+EdKGYTnodW/TLN\n7JhuC4myOsFaOy4ZD52/jvQ/epVSx1ED2tu+N6GKs3cUo9hnSGp6sKxhf5BW5AcY\nkd5iXwUzxOT+N153pYyzlnp2xmxvXHoVZF3YQLbmdq6Djg8AAACBAP/FTGuSdPCe\nyYvanHaQrYdCN7JyQefolR7y2eheCk3d0j3OB/tLA2IXgUUfgWNbfCGdsqiDV9vR\n2h36A0nGAaSblA64NATFSC7aG7yS1kbarN7EvlrINZQIVhQvaqblbWvkPuFVAoXr\nRRLjZho9YK0TRoedEpw/X6IO3qicJvR/AAAAAAEC\n-----END OPENSSH PRIVATE KEY-----\n",
            "private_key_pem": "-----BEGIN RSA PRIVATE KEY-----\nMIIEowIBAAKCAQEAzwVWrGKCPwuMQv/XrpKuq+PH7WOT2iJdZ0XqP/A0LI/V4J1N\ngaGQXyPGOQ1thlhlvt2I7JjgMGMI5KFAS2B4/OB43egujhO0oRYR4K1Oz+mRfyF6\nsRo/FaFyu0Zo7nJgh94Uy//y+Jc9Y3l3RGAqcEXv0zQTN2Pco5w/NJN4hGv0VXyQ\nZngDjr4p34Zrbhf7fyJhGA/quHJgHc19+Gzx+qHlZbtnbfYtl4cVC3dCaixk29zp\nYzNus0BgJFm33EAfT/CFS36OyIe0aG9TD9URq3Imk39BZVciRpaSrvcp3rhtejyU\nNC+nZ1LZw4aZgZ2ER3JUQoaAGG3Us8EmMOPFcQIDAQABAoIBAQCjcQaN0LQdzCMv\nnkeM5veKc6obTFulgy4U48jeM+ktKV3lGKvhZUnTIy5TSrumrlGdz89TZBrTeMzD\nnF9jY0YB98LVB4MB3qLj7sWsiYdIdJHPOgJgomUd0boACsW7Q4fcnMP0jx0nkFgC\nGhrEW9wFieGe8GUffPLsJOZtvuQOPrNBmhBSJEKM1Cao3j+bZ68S6FOkSY/8+lRO\nGlB23fygOepqI9ZU3inmKDfrwJMXNI5AJ+ZE3T79Kzx2bIK7l1RkLMQ2YhHU8aww\n/iTmPYgI3EVOyHO7oBW2zlCLOpYm9XWrNBFzTOi+9RFYiQp8iqgi2S4Bv3iMMPnR\nNwHHb3vVAoGBAM802f/eIJGg0ruchbuuTV0xiPUC2HlbTytiwjunEayTuNPhHShm\nE56HVv0yzeyYbguJsjrBWjsuGQ+dv470P3qVUsdRA9rbvjehirN3FKPYZ0hqerCs\nYX+QVuQHGJHeYl8FM8Tk/jded6WMs5Z6dsZsb1x6FWRd2EC25naug44PAoGBAP/F\nTGuSdPCeyYvanHaQrYdCN7JyQefolR7y2eheCk3d0j3OB/tLA2IXgUUfgWNbfCGd\nsqiDV9vR2h36A0nGAaSblA64NATFSC7aG7yS1kbarN7EvlrINZQIVhQvaqblbWvk\nPuFVAoXrRRLjZho9YK0TRoedEpw/X6IO3qicJvR/AoGAKk86bFqo/9N89D4juI0A\n0xS4SH9KQI16fvtteczFeR240drXn1Yoj2hHRPBIyBTf848sS38Ls6XYDC5D3SbW\nh2tSOcy7IsdX8fgUYEzidApOHKVRZB3u0qNgerNQOwjTwV9IkN3JYvjxKWavjPx4\noE+n9ZQgJhxbeete58D+r9UCgYBuejZsMLK6TJwaAK+ctxl9Vyjft2KoXVosKBHf\nwN8Ki0oI0Dm6Xch0UlrQFK+6zwVrL8a/6xvEI3znfdp1v0VuaJUnVoGBngVz11or\ntfFAYaxR/QGMDPa3nnIv/ds/g9IjzE8s3Z9dYSZQ5lBv/RsJJ05LvZkQTH9ubKXY\nhrp82QKBgFnyjwm2sRbCjQX8AH3ki9/HdfDbUcWHg1+EKmfGP9hzxfQFLZwTAP6/\n63dbiyQT9xUzH5LnDcd+BH6dvyrhG3kzfzmtXDXe+3hdbInBCtkbNODF5wabNL7y\nU4E+FDWMZsZ45L43jisloElFBWbOJmQAoRxQVcarRNplJi4BxmLg\n-----END RSA PRIVATE KEY-----\n",
            "private_key_pem_pkcs8": "-----BEGIN PRIVATE KEY-----\nMIIEvQIBADANBgkqhkiG9w0BAQEFAASCBKcwggSjAgEAAoIBAQDPBVasYoI/C4xC\n/9eukq6r48ftY5PaIl1nReo/8DQsj9XgnU2BoZBfI8Y5DW2GWGW+3YjsmOAwYwjk\noUBLYHj84Hjd6C6OE7ShFhHgrU7P6ZF/IXqxGj8VoXK7RmjucmCH3hTL//L4lz1j\neXdEYCpwRe/TNBM3Y9yjnD80k3iEa/RVfJBmeAOOvinfhmtuF/t/ImEYD+q4cmAd\nzX34bPH6oeVlu2dt9i2XhxULd0JqLGTb3OljM26zQGAkWbfcQB9P8IVLfo7Ih7Ro\nb1MP1RGrciaTf0FlVyJGlpKu9yneuG16PJQ0L6dnUtnDhpmBnYRHclRChoAYbdSz\nwSYw48VxAgMBAAECggEBAKNxBo3QtB3MIy+eR4zm94pzqhtMW6WDLhTjyN4z6S0p\nXeUYq+FlSdMjLlNKu6auUZ3Pz1NkGtN4zMOcX2NjRgH3wtUHgwHeouPuxayJh0h0\nkc86AmCiZR3RugAKxbtDh9ycw/SPHSeQWAIaGsRb3AWJ4Z7wZR988uwk5m2+5A4+\ns0GaEFIkQozUJqjeP5tnrxLoU6RJj/z6VE4aUHbd/KA56moj1lTeKeYoN+vAkxc0\njkAn5kTdPv0rPHZsgruXVGQsxDZiEdTxrDD+JOY9iAjcRU7Ic7ugFbbOUIs6lib1\ndas0EXNM6L71EViJCnyKqCLZLgG/eIww+dE3Acdve9UCgYEAzzTZ/94gkaDSu5yF\nu65NXTGI9QLYeVtPK2LCO6cRrJO40+EdKGYTnodW/TLN7JhuC4myOsFaOy4ZD52/\njvQ/epVSx1ED2tu+N6GKs3cUo9hnSGp6sKxhf5BW5AcYkd5iXwUzxOT+N153pYyz\nlnp2xmxvXHoVZF3YQLbmdq6Djg8CgYEA/8VMa5J08J7Ji9qcdpCth0I3snJB5+iV\nHvLZ6F4KTd3SPc4H+0sDYheBRR+BY1t8IZ2yqINX29HaHfoDScYBpJuUDrg0BMVI\nLtobvJLWRtqs3sS+Wsg1lAhWFC9qpuVta+Q+4VUChetFEuNmGj1grRNGh50SnD9f\nog7eqJwm9H8CgYAqTzpsWqj/03z0PiO4jQDTFLhIf0pAjXp++215zMV5HbjR2tef\nViiPaEdE8EjIFN/zjyxLfwuzpdgMLkPdJtaHa1I5zLsix1fx+BRgTOJ0Ck4cpVFk\nHe7So2B6s1A7CNPBX0iQ3cli+PEpZq+M/HigT6f1lCAmHFt5617nwP6v1QKBgG56\nNmwwsrpMnBoAr5y3GX1XKN+3YqhdWiwoEd/A3wqLSgjQObpdyHRSWtAUr7rPBWsv\nxr/rG8QjfOd92nW/RW5olSdWgYGeBXPXWiu18UBhrFH9AYwM9reeci/92z+D0iPM\nTyzdn11hJlDmUG/9GwknTku9mRBMf25spdiGunzZAoGAWfKPCbaxFsKNBfwAfeSL\n38d18NtRxYeDX4QqZ8Y/2HPF9AUtnBMA/r/rd1uLJBP3FTMfkucNx34Efp2/KuEb\neTN/Oa1cNd77eF1sicEK2Rs04MXnBps0vvJTgT4UNYxmxnjkvjeOKyWgSUUFZs4m\nZAChHFBVxqtE2mUmLgHGYuA=\n-----END PRIVATE KEY-----\n",
            "public_key_fingerprint_md5": "9d:bb:4a:68:af:56:96:5f:cb:1a:dc:6b:f3:86:84:99",
            "public_key_fingerprint_sha256": "SHA256:tK++Yx9f4VIXYNBv+5gwdTl7i89sGYcvylByy2gYfUc",
            "public_key_openssh": "ssh-rsa AAAAB3NzaC1yc2EAAAADAQABAAABAQDPBVasYoI/C4xC/9eukq6r48ftY5PaIl1nReo/8DQsj9XgnU2BoZBfI8Y5DW2GWGW+3YjsmOAwYwjkoUBLYHj84Hjd6C6OE7ShFhHgrU7P6ZF/IXqxGj8VoXK7RmjucmCH3hTL//L4lz1jeXdEYCpwRe/TNBM3Y9yjnD80k3iEa/RVfJBmeAOOvinfhmtuF/t/ImEYD+q4cmAdzX34bPH6oeVlu2dt9i2XhxULd0JqLGTb3OljM26zQGAkWbfcQB9P8IVLfo7Ih7Rob1MP1RGrciaTf0FlVyJGlpKu9yneuG16PJQ0L6dnUtnDhpmBnYRHclRChoAYbdSzwSYw48Vx\n",
            "public_key_pem": "-----BEGIN PUBLIC KEY-----\nMIIBIjANBgkqhkiG9w0BAQEFAAOCAQ8AMIIBCgKCAQEAzwVWrGKCPwuMQv/XrpKu\nq+PH7WOT2iJdZ0XqP/A0LI/V4J1NgaGQXyPGOQ1thlhlvt2I7JjgMGMI5KFAS2B4\n/OB43egujhO0oRYR4K1Oz+mRfyF6sRo/FaFyu0Zo7nJgh94Uy//y+Jc9Y3l3RGAq\ncEXv0zQTN2Pco5w/NJN4hGv0VXyQZngDjr4p34Zrbhf7fyJhGA/quHJgHc19+Gzx\n+qHlZbtnbfYtl4cVC3dCaixk29zpYzNus0BgJFm33EAfT/CFS36OyIe0aG9TD9UR\nq3Imk39BZVciRpaSrvcp3rhtejyUNC+nZ1LZw4aZgZ2ER3JUQoaAGG3Us8EmMOPF\ncQIDAQAB\n-----END PUBLIC KEY-----\n",
            "rsa_bits": 2048
          },
          "sensitive_attributes": []
        }
      ]
    }
  ],
  "check_results": null
}
